
Microsoft Visual Studio Solution File, Format Version 12.00
# Visual Studio 2012
Project("{FAE04EC0-301F-11D3-BF4B-00C04F79EFBC}") = "iTppc", "iTppc\iTppc.csproj", "{0D1BE322-0066-4C2F-AA13-B435253CB236}"
EndProject
Global
	GlobalSection(SolutionConfigurationPlatforms) = preSolution
		Debug|Any CPU = Debug|Any CPU
		Release|Any CPU = Release|Any CPU
	EndGlobalSection
	GlobalSection(ProjectConfigurationPlatforms) = postSolution
		{0D1BE322-0066-4C2F-AA13-B435253CB236}.Debug|Any CPU.ActiveCfg = Release|Any CPU
		{0D1BE322-0066-4C2F-AA13-B435253CB236}.Debug|Any CPU.Build.0 = Release|Any CPU
		{0D1BE322-0066-4C2F-AA13-B435253CB236}.Release|Any CPU.ActiveCfg = Release|Any CPU
		{0D1BE322-0066-4C2F-AA13-B435253CB236}.Release|Any CPU.Build.0 = Release|Any CPU
	EndGlobalSection
	GlobalSection(SolutionProperties) = preSolution
		HideSolutionNode = FALSE
	EndGlobalSection
EndGlobal
